
Microsoft Visual Studio Solution File, Format Version 12.00
# Visual Studio Version 17
VisualStudioVersion = 17.11.35208.52
MinimumVisualStudioVersion = 10.0.40219.1
Project("{2150E333-8FDC-42A3-9474-1A3956D46DE8}") = "0 - Presentation", "0 - Presentation", "{E26A3867-F0E1-4B07-B28C-B7338B965D91}"
EndProject
Project("{2150E333-8FDC-42A3-9474-1A3956D46DE8}") = "2 - Domain", "2 - Domain", "{50B2CA1B-E623-41E2-A7D7-55AC3BD85DB0}"
EndProject
Project("{2150E333-8FDC-42A3-9474-1A3956D46DE8}") = "1 - Application", "1 - Application", "{47822DE3-378F-4FC6-9820-616099BBAAA3}"
EndProject
Project("{2150E333-8FDC-42A3-9474-1A3956D46DE8}") = "4 - Tests", "4 - Tests", "{619A2264-B8B2-49B5-851B-44D95B36D570}"
EndProject
Project("{9A19103F-16F7-4668-BE54-9A1E7A4F7556}") = "PedidosAPI", "OrdersAPI\PedidosAPI.csproj", "{20EF049F-3167-4679-ADFA-C13AE94F1A51}"
EndProject
Project("{9A19103F-16F7-4668-BE54-9A1E7A4F7556}") = "LojaDoSeuManoel.Application", "Application\LojaDoSeuManoel.Application.csproj", "{C25B1EE5-B2CC-4AE6-869B-16EF1DC49E82}"
EndProject
Project("{9A19103F-16F7-4668-BE54-9A1E7A4F7556}") = "LojaDoSeuManoel.Domain", "LojaDoSeuManoel.Domain\LojaDoSeuManoel.Domain.csproj", "{4C6E9AE0-551B-41F6-966E-BAD94C33760C}"
EndProject
Project("{9A19103F-16F7-4668-BE54-9A1E7A4F7556}") = "LojaDoSeuManoel.Tests", "LojaDoSeuManoel.Tests\LojaDoSeuManoel.Tests.csproj", "{0059C95B-DD9A-4970-83C9-37C43B32E725}"
EndProject
Project("{2150E333-8FDC-42A3-9474-1A3956D46DE8}") = "3 - Data", "3 - Data", "{462457BF-01DB-4155-91F7-1E8247185AAA}"
EndProject
Project("{9A19103F-16F7-4668-BE54-9A1E7A4F7556}") = "LojaDoSeuManoel.Infrastructure", "Infrastructure\LojaDoSeuManoel.Infrastructure.csproj", "{94A6A86A-48C4-42FA-9019-D130E6DA7D48}"
EndProject
Global
	GlobalSection(SolutionConfigurationPlatforms) = preSolution
		Debug|Any CPU = Debug|Any CPU
		Release|Any CPU = Release|Any CPU
	EndGlobalSection
	GlobalSection(ProjectConfigurationPlatforms) = postSolution
		{20EF049F-3167-4679-ADFA-C13AE94F1A51}.Debug|Any CPU.ActiveCfg = Debug|Any CPU
		{20EF049F-3167-4679-ADFA-C13AE94F1A51}.Debug|Any CPU.Build.0 = Debug|Any CPU
		{20EF049F-3167-4679-ADFA-C13AE94F1A51}.Release|Any CPU.ActiveCfg = Release|Any CPU
		{20EF049F-3167-4679-ADFA-C13AE94F1A51}.Release|Any CPU.Build.0 = Release|Any CPU
		{C25B1EE5-B2CC-4AE6-869B-16EF1DC49E82}.Debug|Any CPU.ActiveCfg = Debug|Any CPU
		{C25B1EE5-B2CC-4AE6-869B-16EF1DC49E82}.Debug|Any CPU.Build.0 = Debug|Any CPU
		{C25B1EE5-B2CC-4AE6-869B-16EF1DC49E82}.Release|Any CPU.ActiveCfg = Release|Any CPU
		{C25B1EE5-B2CC-4AE6-869B-16EF1DC49E82}.Release|Any CPU.Build.0 = Release|Any CPU
		{4C6E9AE0-551B-41F6-966E-BAD94C33760C}.Debug|Any CPU.ActiveCfg = Debug|Any CPU
		{4C6E9AE0-551B-41F6-966E-BAD94C33760C}.Debug|Any CPU.Build.0 = Debug|Any CPU
		{4C6E9AE0-551B-41F6-966E-BAD94C33760C}.Release|Any CPU.ActiveCfg = Release|Any CPU
		{4C6E9AE0-551B-41F6-966E-BAD94C33760C}.Release|Any CPU.Build.0 = Release|Any CPU
		{0059C95B-DD9A-4970-83C9-37C43B32E725}.Debug|Any CPU.ActiveCfg = Debug|Any CPU
		{0059C95B-DD9A-4970-83C9-37C43B32E725}.Debug|Any CPU.Build.0 = Debug|Any CPU
		{0059C95B-DD9A-4970-83C9-37C43B32E725}.Release|Any CPU.ActiveCfg = Release|Any CPU
		{0059C95B-DD9A-4970-83C9-37C43B32E725}.Release|Any CPU.Build.0 = Release|Any CPU
		{94A6A86A-48C4-42FA-9019-D130E6DA7D48}.Debug|Any CPU.ActiveCfg = Debug|Any CPU
		{94A6A86A-48C4-42FA-9019-D130E6DA7D48}.Debug|Any CPU.Build.0 = Debug|Any CPU
		{94A6A86A-48C4-42FA-9019-D130E6DA7D48}.Release|Any CPU.ActiveCfg = Release|Any CPU
		{94A6A86A-48C4-42FA-9019-D130E6DA7D48}.Release|Any CPU.Build.0 = Release|Any CPU
	EndGlobalSection
	GlobalSection(SolutionProperties) = preSolution
		HideSolutionNode = FALSE
	EndGlobalSection
	GlobalSection(NestedProjects) = preSolution
		{20EF049F-3167-4679-ADFA-C13AE94F1A51} = {E26A3867-F0E1-4B07-B28C-B7338B965D91}
		{C25B1EE5-B2CC-4AE6-869B-16EF1DC49E82} = {47822DE3-378F-4FC6-9820-616099BBAAA3}
		{4C6E9AE0-551B-41F6-966E-BAD94C33760C} = {50B2CA1B-E623-41E2-A7D7-55AC3BD85DB0}
		{0059C95B-DD9A-4970-83C9-37C43B32E725} = {619A2264-B8B2-49B5-851B-44D95B36D570}
		{94A6A86A-48C4-42FA-9019-D130E6DA7D48} = {462457BF-01DB-4155-91F7-1E8247185AAA}
	EndGlobalSection
	GlobalSection(ExtensibilityGlobals) = postSolution
		SolutionGuid = {5C8B40CA-AA94-47F8-8976-0896A45BEA4D}
	EndGlobalSection
EndGlobal
